
Microsoft Visual Studio Solution File, Format Version 12.00
# Visual Studio 15
VisualStudioVersion = 15.0.28010.2026
MinimumVisualStudioVersion = 10.0.40219.1
Project("{FAE04EC0-301F-11D3-BF4B-00C04F79EFBC}") = "Sghis.Core.Entity", "Sghis.Core\Sghis.Core.Entity\Sghis.Core.Entity.csproj", "{15E31153-367D-462B-A09B-AAE2C8413F88}"
EndProject
Project("{FAE04EC0-301F-11D3-BF4B-00C04F79EFBC}") = "Sghis.QmsClient.Infra", "Sghis.QmsClient\Sghis.QmsClient.Infra\Sghis.QmsClient.Infra.csproj", "{EDDA0160-99AC-4CCB-87BC-42F8BFFEC233}"
EndProject
Project("{FAE04EC0-301F-11D3-BF4B-00C04F79EFBC}") = "Sghis.QmsClient.UI", "Sghis.QmsClient\Sghis.QmsClient.UI\Sghis.QmsClient.UI.csproj", "{AEC5F1FC-AD55-4143-BDDF-599EC8276986}"
EndProject
Project("{FAE04EC0-301F-11D3-BF4B-00C04F79EFBC}") = "Sghis.QmsClient.UnitTest", "Sghis.QmsClient\Sghis.QmsClient.UnitTest\Sghis.QmsClient.UnitTest.csproj", "{8DC113C3-6778-4FCF-8C52-6D102C9FE0C6}"
EndProject
Global
	GlobalSection(SolutionConfigurationPlatforms) = preSolution
		Debug|Any CPU = Debug|Any CPU
		Release|Any CPU = Release|Any CPU
	EndGlobalSection
	GlobalSection(ProjectConfigurationPlatforms) = postSolution
		{15E31153-367D-462B-A09B-AAE2C8413F88}.Debug|Any CPU.ActiveCfg = Debug|Any CPU
		{15E31153-367D-462B-A09B-AAE2C8413F88}.Debug|Any CPU.Build.0 = Debug|Any CPU
		{15E31153-367D-462B-A09B-AAE2C8413F88}.Release|Any CPU.ActiveCfg = Release|Any CPU
		{15E31153-367D-462B-A09B-AAE2C8413F88}.Release|Any CPU.Build.0 = Release|Any CPU
		{EDDA0160-99AC-4CCB-87BC-42F8BFFEC233}.Debug|Any CPU.ActiveCfg = Debug|Any CPU
		{EDDA0160-99AC-4CCB-87BC-42F8BFFEC233}.Debug|Any CPU.Build.0 = Debug|Any CPU
		{EDDA0160-99AC-4CCB-87BC-42F8BFFEC233}.Release|Any CPU.ActiveCfg = Release|Any CPU
		{EDDA0160-99AC-4CCB-87BC-42F8BFFEC233}.Release|Any CPU.Build.0 = Release|Any CPU
		{AEC5F1FC-AD55-4143-BDDF-599EC8276986}.Debug|Any CPU.ActiveCfg = Debug|Any CPU
		{AEC5F1FC-AD55-4143-BDDF-599EC8276986}.Debug|Any CPU.Build.0 = Debug|Any CPU
		{AEC5F1FC-AD55-4143-BDDF-599EC8276986}.Release|Any CPU.ActiveCfg = Release|Any CPU
		{AEC5F1FC-AD55-4143-BDDF-599EC8276986}.Release|Any CPU.Build.0 = Release|Any CPU
		{8DC113C3-6778-4FCF-8C52-6D102C9FE0C6}.Debug|Any CPU.ActiveCfg = Debug|Any CPU
		{8DC113C3-6778-4FCF-8C52-6D102C9FE0C6}.Debug|Any CPU.Build.0 = Debug|Any CPU
		{8DC113C3-6778-4FCF-8C52-6D102C9FE0C6}.Release|Any CPU.ActiveCfg = Release|Any CPU
		{8DC113C3-6778-4FCF-8C52-6D102C9FE0C6}.Release|Any CPU.Build.0 = Release|Any CPU
	EndGlobalSection
	GlobalSection(SolutionProperties) = preSolution
		HideSolutionNode = FALSE
	EndGlobalSection
	GlobalSection(ExtensibilityGlobals) = postSolution
		SolutionGuid = {0AD3620A-16F0-4736-B4E0-DE184D3BB8C9}
	EndGlobalSection
	GlobalSection(TeamFoundationVersionControl) = preSolution
		SccNumberOfProjects = 5
		SccEnterpriseProvider = {4CA58AB2-18FA-4F8D-95D4-32DDF27D184C}
		SccTeamFoundationServer = http://130.1.8.180:8080/tfs/his
		SccProjectUniqueName0 = Sghis.Core\\Sghis.Core.Entity\\Sghis.Core.Entity.csproj
		SccProjectName0 = Sghis.Core/Sghis.Core.Entity
		SccLocalPath0 = Sghis.Core\\Sghis.Core.Entity
		SccLocalPath1 = .
		SccProjectUniqueName2 = Sghis.QmsClient\\Sghis.QmsClient.Infra\\Sghis.QmsClient.Infra.csproj
		SccProjectName2 = Sghis.QmsClient/Sghis.QmsClient.Infra
		SccLocalPath2 = Sghis.QmsClient\\Sghis.QmsClient.Infra
		SccProjectUniqueName3 = Sghis.QmsClient\\Sghis.QmsClient.UI\\Sghis.QmsClient.UI.csproj
		SccProjectName3 = Sghis.QmsClient/Sghis.QmsClient.UI
		SccLocalPath3 = Sghis.QmsClient\\Sghis.QmsClient.UI
		SccProjectUniqueName4 = Sghis.QmsClient\\Sghis.QmsClient.UnitTest\\Sghis.QmsClient.UnitTest.csproj
		SccProjectName4 = Sghis.QmsClient/Sghis.QmsClient.UnitTest
		SccLocalPath4 = Sghis.QmsClient\\Sghis.QmsClient.UnitTest
	EndGlobalSection
EndGlobal
